{
  "nodes": {
    "nixpkgs": {
      "locked": {
        "lastModified": 1734687223,
        "narHash": "sha256-A7w/HnYmzTnnVO8NZWx7sul1R8ZXWEIuRl550RIcqmg=",
        "owner": "jachinshen",
        "repo": "nixpkgs",
        "rev": "81cdb4e8f60345e428492caca4cd85725e3001ee",
        "type": "github"
      },
      "original": {
        "owner": "jachinshen",
        "ref": "rocm-6.2.2",
        "repo": "nixpkgs",
        "type": "github"
      }
    },
    "root": {
      "inputs": {
        "nixpkgs": "nixpkgs"
      }
    }
  },
  "root": "root",
  "version": 7
}
