{
  "nodes": {
    "nixpkgs": {
      "locked": {
        "lastModified": 1737806094,
        "narHash": "sha256-GIlp2BqAn1c7xd2rfTfm6vN1yEf4jcurtRNbsU2doKY=",
        "owner": "jachinshen",
        "repo": "nixpkgs",
        "rev": "ba3f336e4536760458da80421696f889c62dfccb",
        "type": "github"
      },
      "original": {
        "owner": "jachinshen",
        "ref": "rocm-6.3.1",
        "repo": "nixpkgs",
        "type": "github"
      }
    },
    "root": {
      "inputs": {
        "nixpkgs": "nixpkgs"
      }
    }
  },
  "root": "root",
  "version": 7
}
